Microsoft Visual Studio Solution File, Format Version 12.00
# Visual Studio Version 17
VisualStudioVersion = 17.0.31912.275
MinimumVisualStudioVersion = 10.0.40219.1
Project("{3548E9F2-8C8C-45DE-BC82-DAB318514211}") = "Tiger.Humanizer.Core", "src\Tiger.Humanizer.Core\Tiger.Humanizer.Core.csproj", "{D474145C-161F-40D1-80AC-F546FFAD1AD9}"
EndProject
Project("{3548E9F2-8C8C-45DE-BC82-DAB318514211}") = "Tiger.Humanizer", "src\Tiger.Humanizer\Tiger.Humanizer.csproj", "{C5F37786-AC76-4532-9BA7-6DACBDD2B1AD}"
EndProject
Project("{3548E9F2-8C8C-45DE-BC82-DAB318514211}") = "Tiger.Humanizer.Core.Tests", "tests\Tiger.Humanizer.Core.Tests\Tiger.Humanizer.Core.Tests.csproj", "{6CE5F4B3-624E-4182-937A-8C829919E683}"
EndProject
Global
    GlobalSection(SolutionConfigurationPlatforms) = preSolution
        Debug|Any CPU = Debug|Any CPU
        Release|Any CPU = Release|Any CPU
    EndGlobalSection
    GlobalSection(ProjectConfigurationPlatforms) = postSolution
        {D474145C-161F-40D1-80AC-F546FFAD1AD9}.Debug|Any CPU.ActiveCfg = Debug|Any CPU
        {D474145C-161F-40D1-80AC-F546FFAD1AD9}.Debug|Any CPU.Build.0 = Debug|Any CPU
        {D474145C-161F-40D1-80AC-F546FFAD1AD9}.Release|Any CPU.ActiveCfg = Release|Any CPU
        {D474145C-161F-40D1-80AC-F546FFAD1AD9}.Release|Any CPU.Build.0 = Release|Any CPU
        {C5F37786-AC76-4532-9BA7-6DACBDD2B1AD}.Debug|Any CPU.ActiveCfg = Debug|Any CPU
        {C5F37786-AC76-4532-9BA7-6DACBDD2B1AD}.Debug|Any CPU.Build.0 = Debug|Any CPU
        {C5F37786-AC76-4532-9BA7-6DACBDD2B1AD}.Release|Any CPU.ActiveCfg = Release|Any CPU
        {C5F37786-AC76-4532-9BA7-6DACBDD2B1AD}.Release|Any CPU.Build.0 = Release|Any CPU
        {6CE5F4B3-624E-4182-937A-8C829919E683}.Debug|Any CPU.ActiveCfg = Debug|Any CPU
        {6CE5F4B3-624E-4182-937A-8C829919E683}.Debug|Any CPU.Build.0 = Debug|Any CPU
        {6CE5F4B3-624E-4182-937A-8C829919E683}.Release|Any CPU.ActiveCfg = Release|Any CPU
        {6CE5F4B3-624E-4182-937A-8C829919E683}.Release|Any CPU.Build.0 = Release|Any CPU
    EndGlobalSection
    GlobalSection(SolutionProperties) = preSolution
        HideSolutionNode = FALSE
    EndGlobalSection
EndGlobal
